
Microsoft Visual Studio Solution File, Format Version 12.00
# Visual Studio Version 17
VisualStudioVersion = 17.10.35013.160
MinimumVisualStudioVersion = 10.0.40219.1
Project("{FAE04EC0-301F-11D3-BF4B-00C04F79EFBC}") = "HotelManagementCoreMvcFrontend", "HotelManagementCoreMvcFrontend\HotelManagementCoreMvcFrontend.csproj", "{E8482058-DB3D-4A8D-9D1F-5CE363DEF6CA}"
EndProject
Global
	GlobalSection(SolutionConfigurationPlatforms) = preSolution
		Debug|Any CPU = Debug|Any CPU
		Release|Any CPU = Release|Any CPU
	EndGlobalSection
	GlobalSection(ProjectConfigurationPlatforms) = postSolution
		{E8482058-DB3D-4A8D-9D1F-5CE363DEF6CA}.Debug|Any CPU.ActiveCfg = Debug|Any CPU
		{E8482058-DB3D-4A8D-9D1F-5CE363DEF6CA}.Debug|Any CPU.Build.0 = Debug|Any CPU
		{E8482058-DB3D-4A8D-9D1F-5CE363DEF6CA}.Release|Any CPU.ActiveCfg = Release|Any CPU
		{E8482058-DB3D-4A8D-9D1F-5CE363DEF6CA}.Release|Any CPU.Build.0 = Release|Any CPU
	EndGlobalSection
	GlobalSection(SolutionProperties) = preSolution
		HideSolutionNode = FALSE
	EndGlobalSection
	GlobalSection(ExtensibilityGlobals) = postSolution
		SolutionGuid = {EBA9E70E-1364-4E59-A6BA-77BD6E6FB5C8}
	EndGlobalSection
EndGlobal
